
Microsoft Visual Studio Solution File, Format Version 12.00
# Visual Studio Version 17
VisualStudioVersion = 17.2.32616.157
MinimumVisualStudioVersion = 10.0.40219.1
Project("{FAE04EC0-301F-11D3-BF4B-00C04F79EFBC}") = "Syntax and Syntax Sugar Exercise1", "Syntax and Syntax Sugar Exercise1\Syntax and Syntax Sugar Exercise1.csproj", "{B239776B-A95E-474D-9470-77F3F5A09522}"
EndProject
Global
	GlobalSection(SolutionConfigurationPlatforms) = preSolution
		Debug|Any CPU = Debug|Any CPU
		Release|Any CPU = Release|Any CPU
	EndGlobalSection
	GlobalSection(ProjectConfigurationPlatforms) = postSolution
		{B239776B-A95E-474D-9470-77F3F5A09522}.Debug|Any CPU.ActiveCfg = Debug|Any CPU
		{B239776B-A95E-474D-9470-77F3F5A09522}.Debug|Any CPU.Build.0 = Debug|Any CPU
		{B239776B-A95E-474D-9470-77F3F5A09522}.Release|Any CPU.ActiveCfg = Release|Any CPU
		{B239776B-A95E-474D-9470-77F3F5A09522}.Release|Any CPU.Build.0 = Release|Any CPU
	EndGlobalSection
	GlobalSection(SolutionProperties) = preSolution
		HideSolutionNode = FALSE
	EndGlobalSection
	GlobalSection(ExtensibilityGlobals) = postSolution
		SolutionGuid = {B8B9EFE7-4DE9-48AD-ABC0-E1A811AE3CE6}
	EndGlobalSection
EndGlobal
